
Microsoft Visual Studio Solution File, Format Version 12.00
# Visual Studio Version 16
VisualStudioVersion = 16.0.29424.173
MinimumVisualStudioVersion = 10.0.40219.1
Project("{9A19103F-16F7-4668-BE54-9A1E7A4F7556}") = "Demo", "Demo\Demo.csproj", "{7706E6AD-5FA6-4F44-B86A-2F5B3AE4B5D3}"
EndProject
Project("{FAE04EC0-301F-11D3-BF4B-00C04F79EFBC}") = "01_Shapes", "01_Shapes\01_Shapes.csproj", "{40C349D1-0AC2-4A30-8944-3D7F87C67939}"
EndProject
Project("{FAE04EC0-301F-11D3-BF4B-00C04F79EFBC}") = "02_Cars", "02_Cars\02_Cars.csproj", "{51EE2D21-C9F7-4223-9C33-643A1A268DD5}"
EndProject
Global
	GlobalSection(SolutionConfigurationPlatforms) = preSolution
		Debug|Any CPU = Debug|Any CPU
		Release|Any CPU = Release|Any CPU
	EndGlobalSection
	GlobalSection(ProjectConfigurationPlatforms) = postSolution
		{7706E6AD-5FA6-4F44-B86A-2F5B3AE4B5D3}.Debug|Any CPU.ActiveCfg = Debug|Any CPU
		{7706E6AD-5FA6-4F44-B86A-2F5B3AE4B5D3}.Debug|Any CPU.Build.0 = Debug|Any CPU
		{7706E6AD-5FA6-4F44-B86A-2F5B3AE4B5D3}.Release|Any CPU.ActiveCfg = Release|Any CPU
		{7706E6AD-5FA6-4F44-B86A-2F5B3AE4B5D3}.Release|Any CPU.Build.0 = Release|Any CPU
		{40C349D1-0AC2-4A30-8944-3D7F87C67939}.Debug|Any CPU.ActiveCfg = Debug|Any CPU
		{40C349D1-0AC2-4A30-8944-3D7F87C67939}.Debug|Any CPU.Build.0 = Debug|Any CPU
		{40C349D1-0AC2-4A30-8944-3D7F87C67939}.Release|Any CPU.ActiveCfg = Release|Any CPU
		{40C349D1-0AC2-4A30-8944-3D7F87C67939}.Release|Any CPU.Build.0 = Release|Any CPU
		{51EE2D21-C9F7-4223-9C33-643A1A268DD5}.Debug|Any CPU.ActiveCfg = Debug|Any CPU
		{51EE2D21-C9F7-4223-9C33-643A1A268DD5}.Debug|Any CPU.Build.0 = Debug|Any CPU
		{51EE2D21-C9F7-4223-9C33-643A1A268DD5}.Release|Any CPU.ActiveCfg = Release|Any CPU
		{51EE2D21-C9F7-4223-9C33-643A1A268DD5}.Release|Any CPU.Build.0 = Release|Any CPU
	EndGlobalSection
	GlobalSection(SolutionProperties) = preSolution
		HideSolutionNode = FALSE
	EndGlobalSection
	GlobalSection(ExtensibilityGlobals) = postSolution
		SolutionGuid = {953EEBB9-F475-41B6-87F6-77E6D26D32E9}
	EndGlobalSection
EndGlobal
