
Microsoft Visual Studio Solution File, Format Version 12.00
# Visual Studio Version 16
VisualStudioVersion = 16.0.29424.173
MinimumVisualStudioVersion = 10.0.40219.1
Project("{9A19103F-16F7-4668-BE54-9A1E7A4F7556}") = "SingleInheritance", "SingleInheritance\SingleInheritance.csproj", "{4AD34927-C280-4E1B-A324-4517E342C5EE}"
EndProject
Project("{FAE04EC0-301F-11D3-BF4B-00C04F79EFBC}") = "01_SingleInheritance", "01_SingleInheritance\01_SingleInheritance.csproj", "{9525B0B4-DFC5-4D5C-AF7C-79A6C1863C3F}"
EndProject
Project("{FAE04EC0-301F-11D3-BF4B-00C04F79EFBC}") = "02_MultipleInheritance", "02_MultipleInheritance\02_MultipleInheritance.csproj", "{2199533C-2480-4D4D-927A-60025D0FC083}"
EndProject
Project("{FAE04EC0-301F-11D3-BF4B-00C04F79EFBC}") = "03_HierarchicalInheritance", "03_HierarchicalInheritance\03_HierarchicalInheritance.csproj", "{21139C74-5F02-41F6-AD87-ADDB5ADDB260}"
EndProject
Project("{FAE04EC0-301F-11D3-BF4B-00C04F79EFBC}") = "04_RandomList", "04_RandomList\04_RandomList.csproj", "{1723880A-3FBC-446F-B540-2B37CF1ED1F2}"
EndProject
Project("{FAE04EC0-301F-11D3-BF4B-00C04F79EFBC}") = "05_StackOfStrings", "05_StackOfStrings\05_StackOfStrings.csproj", "{46ED550E-D225-454B-B6E8-46FB3B8F9859}"
EndProject
Global
	GlobalSection(SolutionConfigurationPlatforms) = preSolution
		Debug|Any CPU = Debug|Any CPU
		Release|Any CPU = Release|Any CPU
	EndGlobalSection
	GlobalSection(ProjectConfigurationPlatforms) = postSolution
		{4AD34927-C280-4E1B-A324-4517E342C5EE}.Debug|Any CPU.ActiveCfg = Debug|Any CPU
		{4AD34927-C280-4E1B-A324-4517E342C5EE}.Debug|Any CPU.Build.0 = Debug|Any CPU
		{4AD34927-C280-4E1B-A324-4517E342C5EE}.Release|Any CPU.ActiveCfg = Release|Any CPU
		{4AD34927-C280-4E1B-A324-4517E342C5EE}.Release|Any CPU.Build.0 = Release|Any CPU
		{9525B0B4-DFC5-4D5C-AF7C-79A6C1863C3F}.Debug|Any CPU.ActiveCfg = Debug|Any CPU
		{9525B0B4-DFC5-4D5C-AF7C-79A6C1863C3F}.Debug|Any CPU.Build.0 = Debug|Any CPU
		{9525B0B4-DFC5-4D5C-AF7C-79A6C1863C3F}.Release|Any CPU.ActiveCfg = Release|Any CPU
		{9525B0B4-DFC5-4D5C-AF7C-79A6C1863C3F}.Release|Any CPU.Build.0 = Release|Any CPU
		{2199533C-2480-4D4D-927A-60025D0FC083}.Debug|Any CPU.ActiveCfg = Debug|Any CPU
		{2199533C-2480-4D4D-927A-60025D0FC083}.Debug|Any CPU.Build.0 = Debug|Any CPU
		{2199533C-2480-4D4D-927A-60025D0FC083}.Release|Any CPU.ActiveCfg = Release|Any CPU
		{2199533C-2480-4D4D-927A-60025D0FC083}.Release|Any CPU.Build.0 = Release|Any CPU
		{21139C74-5F02-41F6-AD87-ADDB5ADDB260}.Debug|Any CPU.ActiveCfg = Debug|Any CPU
		{21139C74-5F02-41F6-AD87-ADDB5ADDB260}.Debug|Any CPU.Build.0 = Debug|Any CPU
		{21139C74-5F02-41F6-AD87-ADDB5ADDB260}.Release|Any CPU.ActiveCfg = Release|Any CPU
		{21139C74-5F02-41F6-AD87-ADDB5ADDB260}.Release|Any CPU.Build.0 = Release|Any CPU
		{1723880A-3FBC-446F-B540-2B37CF1ED1F2}.Debug|Any CPU.ActiveCfg = Debug|Any CPU
		{1723880A-3FBC-446F-B540-2B37CF1ED1F2}.Debug|Any CPU.Build.0 = Debug|Any CPU
		{1723880A-3FBC-446F-B540-2B37CF1ED1F2}.Release|Any CPU.ActiveCfg = Release|Any CPU
		{1723880A-3FBC-446F-B540-2B37CF1ED1F2}.Release|Any CPU.Build.0 = Release|Any CPU
		{46ED550E-D225-454B-B6E8-46FB3B8F9859}.Debug|Any CPU.ActiveCfg = Debug|Any CPU
		{46ED550E-D225-454B-B6E8-46FB3B8F9859}.Debug|Any CPU.Build.0 = Debug|Any CPU
		{46ED550E-D225-454B-B6E8-46FB3B8F9859}.Release|Any CPU.ActiveCfg = Release|Any CPU
		{46ED550E-D225-454B-B6E8-46FB3B8F9859}.Release|Any CPU.Build.0 = Release|Any CPU
	EndGlobalSection
	GlobalSection(SolutionProperties) = preSolution
		HideSolutionNode = FALSE
	EndGlobalSection
	GlobalSection(ExtensibilityGlobals) = postSolution
		SolutionGuid = {08A8AD8F-4B66-4382-82E4-03C48F77D8E0}
	EndGlobalSection
EndGlobal
