
Microsoft Visual Studio Solution File, Format Version 12.00
# Visual Studio Version 16
VisualStudioVersion = 16.0.30907.101
MinimumVisualStudioVersion = 10.0.40219.1
Project("{FAE04EC0-301F-11D3-BF4B-00C04F79EFBC}") = "CSharpDbDemo", "CSharpDbDemo\CSharpDbDemo.csproj", "{7040EB16-F8CD-4B42-B2BA-999E908B781B}"
EndProject
Global
	GlobalSection(SolutionConfigurationPlatforms) = preSolution
		Debug|Any CPU = Debug|Any CPU
		Release|Any CPU = Release|Any CPU
	EndGlobalSection
	GlobalSection(ProjectConfigurationPlatforms) = postSolution
		{7040EB16-F8CD-4B42-B2BA-999E908B781B}.Debug|Any CPU.ActiveCfg = Debug|Any CPU
		{7040EB16-F8CD-4B42-B2BA-999E908B781B}.Debug|Any CPU.Build.0 = Debug|Any CPU
		{7040EB16-F8CD-4B42-B2BA-999E908B781B}.Release|Any CPU.ActiveCfg = Release|Any CPU
		{7040EB16-F8CD-4B42-B2BA-999E908B781B}.Release|Any CPU.Build.0 = Release|Any CPU
	EndGlobalSection
	GlobalSection(SolutionProperties) = preSolution
		HideSolutionNode = FALSE
	EndGlobalSection
	GlobalSection(ExtensibilityGlobals) = postSolution
		SolutionGuid = {3F9EE238-E49B-4F61-A2A9-C2A81903F33A}
	EndGlobalSection
EndGlobal
